
Microsoft Visual Studio Solution File, Format Version 12.00
# Visual Studio Version 17
VisualStudioVersion = 17.8.34511.84
MinimumVisualStudioVersion = 10.0.40219.1
Project("{9A19103F-16F7-4668-BE54-9A1E7A4F7556}") = "Enforcer", "Enforcer\Enforcer.csproj", "{A7BEC348-9E87-48BF-81A8-FDE53391C02A}"
EndProject
Project("{9A19103F-16F7-4668-BE54-9A1E7A4F7556}") = "Executor", "Executor\Executor.csproj", "{223C94BF-C625-481D-858B-6DCA55D2CBDB}"
EndProject
Project("{9A19103F-16F7-4668-BE54-9A1E7A4F7556}") = "Watchdog", "Watchdog\Watchdog.csproj", "{8B82EB40-B25B-4976-8125-A3A0BDE3E1C3}"
EndProject
Project("{9A19103F-16F7-4668-BE54-9A1E7A4F7556}") = "UI", "UI\UI.csproj", "{9075D2E3-FA85-469E-9763-F727BF208B02}"
EndProject
Global
	GlobalSection(SolutionConfigurationPlatforms) = preSolution
		Debug|Any CPU = Debug|Any CPU
		Release|Any CPU = Release|Any CPU
	EndGlobalSection
	GlobalSection(ProjectConfigurationPlatforms) = postSolution
		{A7BEC348-9E87-48BF-81A8-FDE53391C02A}.Debug|Any CPU.ActiveCfg = Debug|Any CPU
		{A7BEC348-9E87-48BF-81A8-FDE53391C02A}.Debug|Any CPU.Build.0 = Debug|Any CPU
		{A7BEC348-9E87-48BF-81A8-FDE53391C02A}.Release|Any CPU.ActiveCfg = Release|Any CPU
		{A7BEC348-9E87-48BF-81A8-FDE53391C02A}.Release|Any CPU.Build.0 = Release|Any CPU
		{223C94BF-C625-481D-858B-6DCA55D2CBDB}.Debug|Any CPU.ActiveCfg = Debug|Any CPU
		{223C94BF-C625-481D-858B-6DCA55D2CBDB}.Debug|Any CPU.Build.0 = Debug|Any CPU
		{223C94BF-C625-481D-858B-6DCA55D2CBDB}.Release|Any CPU.ActiveCfg = Release|Any CPU
		{223C94BF-C625-481D-858B-6DCA55D2CBDB}.Release|Any CPU.Build.0 = Release|Any CPU
		{8B82EB40-B25B-4976-8125-A3A0BDE3E1C3}.Debug|Any CPU.ActiveCfg = Debug|Any CPU
		{8B82EB40-B25B-4976-8125-A3A0BDE3E1C3}.Debug|Any CPU.Build.0 = Debug|Any CPU
		{8B82EB40-B25B-4976-8125-A3A0BDE3E1C3}.Release|Any CPU.ActiveCfg = Release|Any CPU
		{8B82EB40-B25B-4976-8125-A3A0BDE3E1C3}.Release|Any CPU.Build.0 = Release|Any CPU
		{9075D2E3-FA85-469E-9763-F727BF208B02}.Debug|Any CPU.ActiveCfg = Debug|Any CPU
		{9075D2E3-FA85-469E-9763-F727BF208B02}.Debug|Any CPU.Build.0 = Debug|Any CPU
		{9075D2E3-FA85-469E-9763-F727BF208B02}.Release|Any CPU.ActiveCfg = Release|Any CPU
		{9075D2E3-FA85-469E-9763-F727BF208B02}.Release|Any CPU.Build.0 = Release|Any CPU
	EndGlobalSection
	GlobalSection(SolutionProperties) = preSolution
		HideSolutionNode = FALSE
	EndGlobalSection
	GlobalSection(ExtensibilityGlobals) = postSolution
		SolutionGuid = {8C1F7093-9020-4EBA-99BE-9AFA8155DACB}
	EndGlobalSection
EndGlobal
